// !$*UTF8*$!
{
	archiveVersion = 1;
	classes = {
	};
	objectVersion = 55;
	objects = {

/* Begin PBXBuildFile section */
		6955EDE028ABD87200F50E3F /* theBigDipperApp.swift in Sources */ = {isa = PBXBuildFile; fileRef = 6955EDDF28ABD87200F50E3F /* theBigDipperApp.swift */; };
		6955EDE228ABD87200F50E3F /* ContentView.swift in Sources */ = {isa = PBXBuildFile; fileRef = 6955EDE128ABD87200F50E3F /* ContentView.swift */; };
		6955EDE428ABD87400F50E3F /* Assets.xcassets in Resources */ = {isa = PBXBuildFile; fileRef = 6955EDE328ABD87400F50E3F /* Assets.xcassets */; };
		6955EDE728ABD87400F50E3F /* Preview Assets.xcassets in Resources */ = {isa = PBXBuildFile; fileRef = 6955EDE628ABD87400F50E3F /* Preview Assets.xcassets */; };
		6955EDE928ABD87400F50E3F /* Persistence.swift in Sources */ = {isa = PBXBuildFile; fileRef = 6955EDE828ABD87400F50E3F /* Persistence.swift */; };
		6955EDEC28ABD87400F50E3F /* theBigDipper.xcdatamodeld in Sources */ = {isa = PBXBuildFile; fileRef = 6955EDEA28ABD87400F50E3F /* theBigDipper.xcdatamodeld */; };
		6955EDF528ABDEE800F50E3F /* MainMenu.swift in Sources */ = {isa = PBXBuildFile; fileRef = 6955EDF428ABDEE800F50E3F /* MainMenu.swift */; };
		69E2B25D28BDE814002E23B5 /* AppErr.swift in Sources */ = {isa = PBXBuildFile; fileRef = 69E2B25C28BDE814002E23B5 /* AppErr.swift */; };
		69F6898328BC781500968917 /* AppSetting.swift in Sources */ = {isa = PBXBuildFile; fileRef = 69F6898228BC781500968917 /* AppSetting.swift */; };
		69F6899228BCCC6700968917 /* simple.a in Frameworks */ = {isa = PBXBuildFile; fileRef = 69F6899128BCCC5000968917 /* simple.a */; };
		69F6899428BCCD9700968917 /* utils.swift in Sources */ = {isa = PBXBuildFile; fileRef = 69F6899328BCCD9700968917 /* utils.swift */; };
		69F6899628BCD0F900968917 /* Cartfile in Resources */ = {isa = PBXBuildFile; fileRef = 69F6899528BCD0F900968917 /* Cartfile */; };
		69F6899828BCD24400968917 /* SwiftyJSON.framework in Frameworks */ = {isa = PBXBuildFile; fileRef = 69F6899728BCD24400968917 /* SwiftyJSON.framework */; };
		69F6899928BCD24400968917 /* SwiftyJSON.framework in Embed Frameworks */ = {isa = PBXBuildFile; fileRef = 69F6899728BCD24400968917 /* SwiftyJSON.framework */; settings = {ATTRIBUTES = (CodeSignOnCopy, RemoveHeadersOnCopy, ); }; };
		69F6899C28BCE76000968917 /* AppConst.swift in Sources */ = {isa = PBXBuildFile; fileRef = 69F6899B28BCE76000968917 /* AppConst.swift */; };
/* End PBXBuildFile section */

/* Begin PBXCopyFilesBuildPhase section */
		69F6899A28BCD24400968917 /* Embed Frameworks */ = {
			isa = PBXCopyFilesBuildPhase;
			buildActionMask = 2147483647;
			dstPath = "";
			dstSubfolderSpec = 10;
			files = (
				69F6899928BCD24400968917 /* SwiftyJSON.framework in Embed Frameworks */,
			);
			name = "Embed Frameworks";
			runOnlyForDeploymentPostprocessing = 0;
		};
/* End PBXCopyFilesBuildPhase section */

/* Begin PBXFileReference section */
		6955EDDC28ABD87200F50E3F /* theBigDipper.app */ = {isa = PBXFileReference; explicitFileType = wrapper.application; includeInIndex = 0; path = theBigDipper.app; sourceTree = BUILT_PRODUCTS_DIR; };
		6955EDDF28ABD87200F50E3F /* theBigDipperApp.swift */ = {isa = PBXFileReference; lastKnownFileType = sourcecode.swift; path = theBigDipperApp.swift; sourceTree = "<group>"; };
		6955EDE128ABD87200F50E3F /* ContentView.swift */ = {isa = PBXFileReference; lastKnownFileType = sourcecode.swift; path = ContentView.swift; sourceTree = "<group>"; };
		6955EDE328ABD87400F50E3F /* Assets.xcassets */ = {isa = PBXFileReference; lastKnownFileType = folder.assetcatalog; path = Assets.xcassets; sourceTree = "<group>"; };
		6955EDE628ABD87400F50E3F /* Preview Assets.xcassets */ = {isa = PBXFileReference; lastKnownFileType = folder.assetcatalog; path = "Preview Assets.xcassets"; sourceTree = "<group>"; };
		6955EDE828ABD87400F50E3F /* Persistence.swift */ = {isa = PBXFileReference; lastKnownFileType = sourcecode.swift; path = Persistence.swift; sourceTree = "<group>"; };
		6955EDEB28ABD87400F50E3F /* theBigDipper.xcdatamodel */ = {isa = PBXFileReference; lastKnownFileType = wrapper.xcdatamodel; path = theBigDipper.xcdatamodel; sourceTree = "<group>"; };
		6955EDED28ABD87400F50E3F /* theBigDipper.entitlements */ = {isa = PBXFileReference; lastKnownFileType = text.plist.entitlements; path = theBigDipper.entitlements; sourceTree = "<group>"; };
		6955EDF328ABD96800F50E3F /* Info.plist */ = {isa = PBXFileReference; lastKnownFileType = text.plist; path = Info.plist; sourceTree = "<group>"; };
		6955EDF428ABDEE800F50E3F /* MainMenu.swift */ = {isa = PBXFileReference; lastKnownFileType = sourcecode.swift; path = MainMenu.swift; sourceTree = "<group>"; };
		69E2B25C28BDE814002E23B5 /* AppErr.swift */ = {isa = PBXFileReference; lastKnownFileType = sourcecode.swift; path = AppErr.swift; sourceTree = "<group>"; };
		69F6898228BC781500968917 /* AppSetting.swift */ = {isa = PBXFileReference; lastKnownFileType = sourcecode.swift; path = AppSetting.swift; sourceTree = "<group>"; };
		69F6898C28BC8AC400968917 /* module.modulemap */ = {isa = PBXFileReference; fileEncoding = 4; lastKnownFileType = "sourcecode.module-map"; path = module.modulemap; sourceTree = "<group>"; };
		69F6899128BCCC5000968917 /* simple.a */ = {isa = PBXFileReference; lastKnownFileType = archive.ar; name = simple.a; path = theBigDipper/simple.a; sourceTree = "<group>"; };
		69F6899328BCCD9700968917 /* utils.swift */ = {isa = PBXFileReference; lastKnownFileType = sourcecode.swift; path = utils.swift; sourceTree = "<group>"; };
		69F6899528BCD0F900968917 /* Cartfile */ = {isa = PBXFileReference; fileEncoding = 4; lastKnownFileType = text; path = Cartfile; sourceTree = "<group>"; };
		69F6899728BCD24400968917 /* SwiftyJSON.framework */ = {isa = PBXFileReference; lastKnownFileType = wrapper.framework; name = SwiftyJSON.framework; path = theBigDipper/Carthage/Build/Mac/SwiftyJSON.framework; sourceTree = "<group>"; };
		69F6899B28BCE76000968917 /* AppConst.swift */ = {isa = PBXFileReference; lastKnownFileType = sourcecode.swift; path = AppConst.swift; sourceTree = "<group>"; };
/* End PBXFileReference section */

/* Begin PBXFrameworksBuildPhase section */
		6955EDD928ABD87200F50E3F /* Frameworks */ = {
			isa = PBXFrameworksBuildPhase;
			buildActionMask = 2147483647;
			files = (
				69F6899828BCD24400968917 /* SwiftyJSON.framework in Frameworks */,
				69F6899228BCCC6700968917 /* simple.a in Frameworks */,
			);
			runOnlyForDeploymentPostprocessing = 0;
		};
/* End PBXFrameworksBuildPhase section */

/* Begin PBXGroup section */
		6955EDD328ABD87200F50E3F = {
			isa = PBXGroup;
			children = (
				6955EDDE28ABD87200F50E3F /* theBigDipper */,
				6955EDDD28ABD87200F50E3F /* Products */,
				69F6898628BC7C6300968917 /* Frameworks */,
			);
			sourceTree = "<group>";
		};
		6955EDDD28ABD87200F50E3F /* Products */ = {
			isa = PBXGroup;
			children = (
				6955EDDC28ABD87200F50E3F /* theBigDipper.app */,
			);
			name = Products;
			sourceTree = "<group>";
		};
		6955EDDE28ABD87200F50E3F /* theBigDipper */ = {
			isa = PBXGroup;
			children = (
				69F6898C28BC8AC400968917 /* module.modulemap */,
				69F6899528BCD0F900968917 /* Cartfile */,
				69F6898128BC77F500968917 /* common */,
				6955EDF328ABD96800F50E3F /* Info.plist */,
				6955EDDF28ABD87200F50E3F /* theBigDipperApp.swift */,
				6955EDF428ABDEE800F50E3F /* MainMenu.swift */,
				6955EDE128ABD87200F50E3F /* ContentView.swift */,
				6955EDE328ABD87400F50E3F /* Assets.xcassets */,
				6955EDE828ABD87400F50E3F /* Persistence.swift */,
				6955EDED28ABD87400F50E3F /* theBigDipper.entitlements */,
				6955EDEA28ABD87400F50E3F /* theBigDipper.xcdatamodeld */,
				6955EDE528ABD87400F50E3F /* Preview Content */,
			);
			path = theBigDipper;
			sourceTree = "<group>";
		};
		6955EDE528ABD87400F50E3F /* Preview Content */ = {
			isa = PBXGroup;
			children = (
				6955EDE628ABD87400F50E3F /* Preview Assets.xcassets */,
			);
			path = "Preview Content";
			sourceTree = "<group>";
		};
		69F6898128BC77F500968917 /* common */ = {
			isa = PBXGroup;
			children = (
				69F6898228BC781500968917 /* AppSetting.swift */,
				69F6899B28BCE76000968917 /* AppConst.swift */,
				69F6899328BCCD9700968917 /* utils.swift */,
				69E2B25C28BDE814002E23B5 /* AppErr.swift */,
			);
			path = common;
			sourceTree = "<group>";
		};
		69F6898628BC7C6300968917 /* Frameworks */ = {
			isa = PBXGroup;
			children = (
				69F6899728BCD24400968917 /* SwiftyJSON.framework */,
				69F6899128BCCC5000968917 /* simple.a */,
			);
			name = Frameworks;
			sourceTree = "<group>";
		};
/* End PBXGroup section */

/* Begin PBXNativeTarget section */
		6955EDDB28ABD87200F50E3F /* theBigDipper */ = {
			isa = PBXNativeTarget;
			buildConfigurationList = 6955EDF028ABD87400F50E3F /* Build configuration list for PBXNativeTarget "theBigDipper" */;
			buildPhases = (
				6955EDD828ABD87200F50E3F /* Sources */,
				6955EDD928ABD87200F50E3F /* Frameworks */,
				6955EDDA28ABD87200F50E3F /* Resources */,
				69F6899A28BCD24400968917 /* Embed Frameworks */,
			);
			buildRules = (
			);
			dependencies = (
			);
			name = theBigDipper;
			productName = theBigDipper;
			productReference = 6955EDDC28ABD87200F50E3F /* theBigDipper.app */;
			productType = "com.apple.product-type.application";
		};
/* End PBXNativeTarget section */

/* Begin PBXProject section */
		6955EDD428ABD87200F50E3F /* Project object */ = {
			isa = PBXProject;
			attributes = {
				BuildIndependentTargetsInParallel = 1;
				LastSwiftUpdateCheck = 1340;
				LastUpgradeCheck = 1340;
				TargetAttributes = {
					6955EDDB28ABD87200F50E3F = {
						CreatedOnToolsVersion = 13.4.1;
					};
				};
			};
			buildConfigurationList = 6955EDD728ABD87200F50E3F /* Build configuration list for PBXProject "theBigDipper" */;
			compatibilityVersion = "Xcode 13.0";
			developmentRegion = en;
			hasScannedForEncodings = 0;
			knownRegions = (
				en,
				Base,
			);
			mainGroup = 6955EDD328ABD87200F50E3F;
			productRefGroup = 6955EDDD28ABD87200F50E3F /* Products */;
			projectDirPath = "";
			projectRoot = "";
			targets = (
				6955EDDB28ABD87200F50E3F /* theBigDipper */,
			);
		};
/* End PBXProject section */

/* Begin PBXResourcesBuildPhase section */
		6955EDDA28ABD87200F50E3F /* Resources */ = {
			isa = PBXResourcesBuildPhase;
			buildActionMask = 2147483647;
			files = (
				69F6899628BCD0F900968917 /* Cartfile in Resources */,
				6955EDE728ABD87400F50E3F /* Preview Assets.xcassets in Resources */,
				6955EDE428ABD87400F50E3F /* Assets.xcassets in Resources */,
			);
			runOnlyForDeploymentPostprocessing = 0;
		};
/* End PBXResourcesBuildPhase section */

/* Begin PBXSourcesBuildPhase section */
		6955EDD828ABD87200F50E3F /* Sources */ = {
			isa = PBXSourcesBuildPhase;
			buildActionMask = 2147483647;
			files = (
				6955EDF528ABDEE800F50E3F /* MainMenu.swift in Sources */,
				69F6899C28BCE76000968917 /* AppConst.swift in Sources */,
				69F6899428BCCD9700968917 /* utils.swift in Sources */,
				6955EDEC28ABD87400F50E3F /* theBigDipper.xcdatamodeld in Sources */,
				69F6898328BC781500968917 /* AppSetting.swift in Sources */,
				6955EDE928ABD87400F50E3F /* Persistence.swift in Sources */,
				6955EDE228ABD87200F50E3F /* ContentView.swift in Sources */,
				69E2B25D28BDE814002E23B5 /* AppErr.swift in Sources */,
				6955EDE028ABD87200F50E3F /* theBigDipperApp.swift in Sources */,
			);
			runOnlyForDeploymentPostprocessing = 0;
		};
/* End PBXSourcesBuildPhase section */

/* Begin XCBuildConfiguration section */
		6955EDEE28ABD87400F50E3F /* Debug */ = {
			isa = XCBuildConfiguration;
			buildSettings = {
				ALWAYS_SEARCH_USER_PATHS = NO;
				CLANG_ANALYZER_NONNULL = YES;
				CLANG_ANALYZER_NUMBER_OBJECT_CONVERSION = YES_AGGRESSIVE;
				CLANG_CXX_LANGUAGE_STANDARD = "gnu++17";
				CLANG_ENABLE_MODULES = YES;
				CLANG_ENABLE_OBJC_ARC = YES;
				CLANG_ENABLE_OBJC_WEAK = YES;
				CLANG_WARN_BLOCK_CAPTURE_AUTORELEASING = YES;
				CLANG_WARN_BOOL_CONVERSION = YES;
				CLANG_WARN_COMMA = YES;
				CLANG_WARN_CONSTANT_CONVERSION = YES;
				CLANG_WARN_DEPRECATED_OBJC_IMPLEMENTATIONS = YES;
				CLANG_WARN_DIRECT_OBJC_ISA_USAGE = YES_ERROR;
				CLANG_WARN_DOCUMENTATION_COMMENTS = YES;
				CLANG_WARN_EMPTY_BODY = YES;
				CLANG_WARN_ENUM_CONVERSION = YES;
				CLANG_WARN_INFINITE_RECURSION = YES;
				CLANG_WARN_INT_CONVERSION = YES;
				CLANG_WARN_NON_LITERAL_NULL_CONVERSION = YES;
				CLANG_WARN_OBJC_IMPLICIT_RETAIN_SELF = YES;
				CLANG_WARN_OBJC_LITERAL_CONVERSION = YES;
				CLANG_WARN_OBJC_ROOT_CLASS = YES_ERROR;
				CLANG_WARN_QUOTED_INCLUDE_IN_FRAMEWORK_HEADER = YES;
				CLANG_WARN_RANGE_LOOP_ANALYSIS = YES;
				CLANG_WARN_STRICT_PROTOTYPES = YES;
				CLANG_WARN_SUSPICIOUS_MOVE = YES;
				CLANG_WARN_UNGUARDED_AVAILABILITY = YES_AGGRESSIVE;
				CLANG_WARN_UNREACHABLE_CODE = YES;
				CLANG_WARN__DUPLICATE_METHOD_MATCH = YES;
				COPY_PHASE_STRIP = NO;
				DEBUG_INFORMATION_FORMAT = dwarf;
				ENABLE_STRICT_OBJC_MSGSEND = YES;
				ENABLE_TESTABILITY = YES;
				GCC_C_LANGUAGE_STANDARD = gnu11;
				GCC_DYNAMIC_NO_PIC = NO;
				GCC_NO_COMMON_BLOCKS = YES;
				GCC_OPTIMIZATION_LEVEL = 0;
				GCC_PREPROCESSOR_DEFINITIONS = (
					"DEBUG=1",
					"$(inherited)",
				);
				GCC_WARN_64_TO_32_BIT_CONVERSION = YES;
				GCC_WARN_ABOUT_RETURN_TYPE = YES_ERROR;
				GCC_WARN_UNDECLARED_SELECTOR = YES;
				GCC_WARN_UNINITIALIZED_AUTOS = YES_AGGRESSIVE;
				GCC_WARN_UNUSED_FUNCTION = YES;
				GCC_WARN_UNUSED_VARIABLE = YES;
				MACOSX_DEPLOYMENT_TARGET = 12.3;
				MTL_ENABLE_DEBUG_INFO = INCLUDE_SOURCE;
				MTL_FAST_MATH = YES;
				ONLY_ACTIVE_ARCH = YES;
				SDKROOT = macosx;
				SWIFT_ACTIVE_COMPILATION_CONDITIONS = DEBUG;
				SWIFT_OPTIMIZATION_LEVEL = "-Onone";
			};
			name = Debug;
		};
		6955EDEF28ABD87400F50E3F /* Release */ = {
			isa = XCBuildConfiguration;
			buildSettings = {
				ALWAYS_SEARCH_USER_PATHS = NO;
				CLANG_ANALYZER_NONNULL = YES;
				CLANG_ANALYZER_NUMBER_OBJECT_CONVERSION = YES_AGGRESSIVE;
				CLANG_CXX_LANGUAGE_STANDARD = "gnu++17";
				CLANG_ENABLE_MODULES = YES;
				CLANG_ENABLE_OBJC_ARC = YES;
				CLANG_ENABLE_OBJC_WEAK = YES;
				CLANG_WARN_BLOCK_CAPTURE_AUTORELEASING = YES;
				CLANG_WARN_BOOL_CONVERSION = YES;
				CLANG_WARN_COMMA = YES;
				CLANG_WARN_CONSTANT_CONVERSION = YES;
				CLANG_WARN_DEPRECATED_OBJC_IMPLEMENTATIONS = YES;
				CLANG_WARN_DIRECT_OBJC_ISA_USAGE = YES_ERROR;
				CLANG_WARN_DOCUMENTATION_COMMENTS = YES;
				CLANG_WARN_EMPTY_BODY = YES;
				CLANG_WARN_ENUM_CONVERSION = YES;
				CLANG_WARN_INFINITE_RECURSION = YES;
				CLANG_WARN_INT_CONVERSION = YES;
				CLANG_WARN_NON_LITERAL_NULL_CONVERSION = YES;
				CLANG_WARN_OBJC_IMPLICIT_RETAIN_SELF = YES;
				CLANG_WARN_OBJC_LITERAL_CONVERSION = YES;
				CLANG_WARN_OBJC_ROOT_CLASS = YES_ERROR;
				CLANG_WARN_QUOTED_INCLUDE_IN_FRAMEWORK_HEADER = YES;
				CLANG_WARN_RANGE_LOOP_ANALYSIS = YES;
				CLANG_WARN_STRICT_PROTOTYPES = YES;
				CLANG_WARN_SUSPICIOUS_MOVE = YES;
				CLANG_WARN_UNGUARDED_AVAILABILITY = YES_AGGRESSIVE;
				CLANG_WARN_UNREACHABLE_CODE = YES;
				CLANG_WARN__DUPLICATE_METHOD_MATCH = YES;
				COPY_PHASE_STRIP = NO;
				DEBUG_INFORMATION_FORMAT = "dwarf-with-dsym";
				ENABLE_NS_ASSERTIONS = NO;
				ENABLE_STRICT_OBJC_MSGSEND = YES;
				GCC_C_LANGUAGE_STANDARD = gnu11;
				GCC_NO_COMMON_BLOCKS = YES;
				GCC_WARN_64_TO_32_BIT_CONVERSION = YES;
				GCC_WARN_ABOUT_RETURN_TYPE = YES_ERROR;
				GCC_WARN_UNDECLARED_SELECTOR = YES;
				GCC_WARN_UNINITIALIZED_AUTOS = YES_AGGRESSIVE;
				GCC_WARN_UNUSED_FUNCTION = YES;
				GCC_WARN_UNUSED_VARIABLE = YES;
				MACOSX_DEPLOYMENT_TARGET = 12.3;
				MTL_ENABLE_DEBUG_INFO = NO;
				MTL_FAST_MATH = YES;
				SDKROOT = macosx;
				SWIFT_COMPILATION_MODE = wholemodule;
				SWIFT_OPTIMIZATION_LEVEL = "-O";
			};
			name = Release;
		};
		6955EDF128ABD87400F50E3F /* Debug */ = {
			isa = XCBuildConfiguration;
			buildSettings = {
				ASSETCATALOG_COMPILER_APPICON_NAME = AppIcon;
				ASSETCATALOG_COMPILER_GLOBAL_ACCENT_COLOR_NAME = AccentColor;
				CLANG_CXX_LIBRARY = "libc++";
				CODE_SIGN_ENTITLEMENTS = theBigDipper/theBigDipper.entitlements;
				CODE_SIGN_STYLE = Automatic;
				COMBINE_HIDPI_IMAGES = YES;
				CURRENT_PROJECT_VERSION = 1;
				DEVELOPMENT_ASSET_PATHS = "\"theBigDipper/Preview Content\"";
				DEVELOPMENT_TEAM = 6A53CAFMZ9;
				ENABLE_HARDENED_RUNTIME = YES;
				ENABLE_PREVIEWS = YES;
				FRAMEWORK_SEARCH_PATHS = (
					"$(PROJECT_DIR)/Carthage/Build/Mac",
					"$(PROJECT_DIR)/theBigDipper/Carthage/Build/Mac",
				);
				GENERATE_INFOPLIST_FILE = YES;
				HEADER_SEARCH_PATHS = "$(PROJECT_DIR)/theBigDipper";
				INFOPLIST_FILE = theBigDipper/Info.plist;
				INFOPLIST_KEY_NSHumanReadableCopyright = "";
				LD_RUNPATH_SEARCH_PATHS = (
					"$(inherited)",
					"@executable_path/../Frameworks",
				);
				LIBRARY_SEARCH_PATHS = (
					"$(inherited)",
					"$(PROJECT_DIR)/theBigDipper",
				);
				MARKETING_VERSION = 1.0;
				OTHER_LDFLAGS = "-ObjC";
				PRODUCT_BUNDLE_IDENTIFIER = com.ninjahome.theBigDipper;
				PRODUCT_NAME = "$(TARGET_NAME)";
				SWIFT_EMIT_LOC_STRINGS = YES;
				SWIFT_INCLUDE_PATHS = "${SRCROOT}";
				SWIFT_VERSION = 5.0;
			};
			name = Debug;
		};
		6955EDF228ABD87400F50E3F /* Release */ = {
			isa = XCBuildConfiguration;
			buildSettings = {
				ASSETCATALOG_COMPILER_APPICON_NAME = AppIcon;
				ASSETCATALOG_COMPILER_GLOBAL_ACCENT_COLOR_NAME = AccentColor;
				CLANG_CXX_LIBRARY = "libc++";
				CODE_SIGN_ENTITLEMENTS = theBigDipper/theBigDipper.entitlements;
				CODE_SIGN_STYLE = Automatic;
				COMBINE_HIDPI_IMAGES = YES;
				CURRENT_PROJECT_VERSION = 1;
				DEVELOPMENT_ASSET_PATHS = "\"theBigDipper/Preview Content\"";
				DEVELOPMENT_TEAM = 6A53CAFMZ9;
				ENABLE_HARDENED_RUNTIME = YES;
				ENABLE_PREVIEWS = YES;
				FRAMEWORK_SEARCH_PATHS = (
					"$(PROJECT_DIR)/Carthage/Build/Mac",
					"$(PROJECT_DIR)/theBigDipper/Carthage/Build/Mac",
				);
				GENERATE_INFOPLIST_FILE = YES;
				HEADER_SEARCH_PATHS = "$(PROJECT_DIR)/theBigDipper";
				INFOPLIST_FILE = theBigDipper/Info.plist;
				INFOPLIST_KEY_NSHumanReadableCopyright = "";
				LD_RUNPATH_SEARCH_PATHS = (
					"$(inherited)",
					"@executable_path/../Frameworks",
				);
				LIBRARY_SEARCH_PATHS = (
					"$(inherited)",
					"$(PROJECT_DIR)/theBigDipper",
				);
				MARKETING_VERSION = 1.0;
				OTHER_LDFLAGS = "-ObjC";
				PRODUCT_BUNDLE_IDENTIFIER = com.ninjahome.theBigDipper;
				PRODUCT_NAME = "$(TARGET_NAME)";
				SWIFT_EMIT_LOC_STRINGS = YES;
				SWIFT_INCLUDE_PATHS = "${SRCROOT}";
				SWIFT_VERSION = 5.0;
			};
			name = Release;
		};
/* End XCBuildConfiguration section */

/* Begin XCConfigurationList section */
		6955EDD728ABD87200F50E3F /* Build configuration list for PBXProject "theBigDipper" */ = {
			isa = XCConfigurationList;
			buildConfigurations = (
				6955EDEE28ABD87400F50E3F /* Debug */,
				6955EDEF28ABD87400F50E3F /* Release */,
			);
			defaultConfigurationIsVisible = 0;
			defaultConfigurationName = Release;
		};
		6955EDF028ABD87400F50E3F /* Build configuration list for PBXNativeTarget "theBigDipper" */ = {
			isa = XCConfigurationList;
			buildConfigurations = (
				6955EDF128ABD87400F50E3F /* Debug */,
				6955EDF228ABD87400F50E3F /* Release */,
			);
			defaultConfigurationIsVisible = 0;
			defaultConfigurationName = Release;
		};
/* End XCConfigurationList section */

/* Begin XCVersionGroup section */
		6955EDEA28ABD87400F50E3F /* theBigDipper.xcdatamodeld */ = {
			isa = XCVersionGroup;
			children = (
				6955EDEB28ABD87400F50E3F /* theBigDipper.xcdatamodel */,
			);
			currentVersion = 6955EDEB28ABD87400F50E3F /* theBigDipper.xcdatamodel */;
			path = theBigDipper.xcdatamodeld;
			sourceTree = "<group>";
			versionGroupType = wrapper.xcdatamodel;
		};
/* End XCVersionGroup section */
	};
	rootObject = 6955EDD428ABD87200F50E3F /* Project object */;
}
